
Microsoft Visual Studio Solution File, Format Version 12.00
# Visual Studio Version 17
VisualStudioVersion = 17.0.31903.59
MinimumVisualStudioVersion = 10.0.40219.1
Project("{2150E333-8FDC-42A3-9474-1A3956D46DE8}") = "src", "src", "{2C8CC199-8964-4ED4-B8A6-D4D84B5C48B9}"
EndProject
Project("{FAE04EC0-301F-11D3-BF4B-00C04F79EFBC}") = "BffApi.Api", "src\Api\BffApi.Api.csproj", "{FB300603-D0DB-4AC0-8981-138B87538A1F}"
EndProject
Project("{FAE04EC0-301F-11D3-BF4B-00C04F79EFBC}") = "BffApi.Adapters", "src\Adapters\BffApi.Adapters.csproj", "{C4CF291C-6777-424B-B6C3-904C4DA07715}"
EndProject
Project("{FAE04EC0-301F-11D3-BF4B-00C04F79EFBC}") = "BffApi.Clients", "src\Clients\BffApi.Clients.csproj", "{756CB6BB-1165-4244-8734-ED37E17A8C1F}"
EndProject
Global
	GlobalSection(SolutionConfigurationPlatforms) = preSolution
		Debug|Any CPU = Debug|Any CPU
		Release|Any CPU = Release|Any CPU
	EndGlobalSection
	GlobalSection(SolutionProperties) = preSolution
		HideSolutionNode = FALSE
	EndGlobalSection
	GlobalSection(ProjectConfigurationPlatforms) = postSolution
		{FB300603-D0DB-4AC0-8981-138B87538A1F}.Debug|Any CPU.ActiveCfg = Debug|Any CPU
		{FB300603-D0DB-4AC0-8981-138B87538A1F}.Debug|Any CPU.Build.0 = Debug|Any CPU
		{FB300603-D0DB-4AC0-8981-138B87538A1F}.Release|Any CPU.ActiveCfg = Release|Any CPU
		{FB300603-D0DB-4AC0-8981-138B87538A1F}.Release|Any CPU.Build.0 = Release|Any CPU
		{C4CF291C-6777-424B-B6C3-904C4DA07715}.Debug|Any CPU.ActiveCfg = Debug|Any CPU
		{C4CF291C-6777-424B-B6C3-904C4DA07715}.Debug|Any CPU.Build.0 = Debug|Any CPU
		{C4CF291C-6777-424B-B6C3-904C4DA07715}.Release|Any CPU.ActiveCfg = Release|Any CPU
		{C4CF291C-6777-424B-B6C3-904C4DA07715}.Release|Any CPU.Build.0 = Release|Any CPU
		{756CB6BB-1165-4244-8734-ED37E17A8C1F}.Debug|Any CPU.ActiveCfg = Debug|Any CPU
		{756CB6BB-1165-4244-8734-ED37E17A8C1F}.Debug|Any CPU.Build.0 = Debug|Any CPU
		{756CB6BB-1165-4244-8734-ED37E17A8C1F}.Release|Any CPU.ActiveCfg = Release|Any CPU
		{756CB6BB-1165-4244-8734-ED37E17A8C1F}.Release|Any CPU.Build.0 = Release|Any CPU
	EndGlobalSection
	GlobalSection(NestedProjects) = preSolution
		{FB300603-D0DB-4AC0-8981-138B87538A1F} = {2C8CC199-8964-4ED4-B8A6-D4D84B5C48B9}
		{C4CF291C-6777-424B-B6C3-904C4DA07715} = {2C8CC199-8964-4ED4-B8A6-D4D84B5C48B9}
		{756CB6BB-1165-4244-8734-ED37E17A8C1F} = {2C8CC199-8964-4ED4-B8A6-D4D84B5C48B9}
	EndGlobalSection
EndGlobal
